
Microsoft Visual Studio Solution File, Format Version 12.00
# Visual Studio Version 17
VisualStudioVersion = 17.7.34009.444
MinimumVisualStudioVersion = 10.0.40219.1
Project("{FAE04EC0-301F-11D3-BF4B-00C04F79EFBC}") = "Object_Oriented_Principles", "Object_Oriented_Principles.csproj", "{CC49DF84-0D1B-4009-AAB1-5C0215D23DFF}"
EndProject
Global
	GlobalSection(SolutionConfigurationPlatforms) = preSolution
		Debug|Any CPU = Debug|Any CPU
		Release|Any CPU = Release|Any CPU
	EndGlobalSection
	GlobalSection(ProjectConfigurationPlatforms) = postSolution
		{CC49DF84-0D1B-4009-AAB1-5C0215D23DFF}.Debug|Any CPU.ActiveCfg = Debug|Any CPU
		{CC49DF84-0D1B-4009-AAB1-5C0215D23DFF}.Debug|Any CPU.Build.0 = Debug|Any CPU
		{CC49DF84-0D1B-4009-AAB1-5C0215D23DFF}.Release|Any CPU.ActiveCfg = Release|Any CPU
		{CC49DF84-0D1B-4009-AAB1-5C0215D23DFF}.Release|Any CPU.Build.0 = Release|Any CPU
	EndGlobalSection
	GlobalSection(SolutionProperties) = preSolution
		HideSolutionNode = FALSE
	EndGlobalSection
	GlobalSection(ExtensibilityGlobals) = postSolution
		SolutionGuid = {8D59D8B3-D9E9-496D-A964-D818D8042919}
	EndGlobalSection
EndGlobal
